# This file is automatically @generated by Poetry 1.8.4 and should not be changed by hand.

[[package]]
name = "monitorcontrol"
version = "3.1.0"
description = "Monitor controls using MCCS over DDC-CI."
optional = false
python-versions = ">=3.8,<4.0"
files = [
    {file = "monitorcontrol-3.1.0-py3-none-any.whl", hash = "sha256:934d6475ebf3c55e2b37602307f75a3aeb731f4bd8e09666960aff40f925d608"},
    {file = "monitorcontrol-3.1.0.tar.gz", hash = "sha256:18438cd335255ec6704ebfde868a29d7c4133c5812da2eb69d2620f0ec2cfea6"},
]

[package.dependencies]
pyudev = {version = ">=0.23,<0.25", markers = "sys_platform != \"win32\""}

[[package]]
name = "pyudev"
version = "0.24.3"
description = "A libudev binding"
optional = false
python-versions = ">=3.7"
files = [
    {file = "pyudev-0.24.3-py3-none-any.whl", hash = "sha256:e8246f0a014fe370119ba2bc781bfbe62c0298d0d6b39c94e83102a8a3f56960"},
    {file = "pyudev-0.24.3.tar.gz", hash = "sha256:2e945427a21674893bb97632401db62139d91cea1ee96137cc7b07ad22198fc7"},
]

[metadata]
lock-version = "2.0"
python-versions = "^3.10"
content-hash = "84dad30406eab2a158a16c824bcca55563018feab125e47bfa5f8c86d6b11d5c"
